
Microsoft Visual Studio Solution File, Format Version 12.00
# Visual Studio 15
VisualStudioVersion = 15.0.27428.2037
MinimumVisualStudioVersion = 10.0.40219.1
Project("{A07B5EB6-E848-4116-A8D0-A826331D98C6}") = "SfTest", "SfTest\SfTest.sfproj", "{36D4048F-7EB7-4296-85E5-883281E8AD56}"
EndProject
Project("{FAE04EC0-301F-11D3-BF4B-00C04F79EFBC}") = "ServiceOne", "ServiceOne\ServiceOne.csproj", "{7CF6ECBB-AB5E-44D8-A3FD-30A6A07B3130}"
EndProject
Project("{FAE04EC0-301F-11D3-BF4B-00C04F79EFBC}") = "ServiceTwo", "ServiceTwo\ServiceTwo.csproj", "{DF1A9453-1DE1-4057-A05B-53972B7BC76C}"
EndProject
Global
	GlobalSection(SolutionConfigurationPlatforms) = preSolution
		Debug|Any CPU = Debug|Any CPU
		Debug|x64 = Debug|x64
		Release|Any CPU = Release|Any CPU
		Release|x64 = Release|x64
	EndGlobalSection
	GlobalSection(ProjectConfigurationPlatforms) = postSolution
		{36D4048F-7EB7-4296-85E5-883281E8AD56}.Debug|Any CPU.ActiveCfg = Debug|x64
		{36D4048F-7EB7-4296-85E5-883281E8AD56}.Debug|x64.ActiveCfg = Debug|x64
		{36D4048F-7EB7-4296-85E5-883281E8AD56}.Debug|x64.Build.0 = Debug|x64
		{36D4048F-7EB7-4296-85E5-883281E8AD56}.Debug|x64.Deploy.0 = Debug|x64
		{36D4048F-7EB7-4296-85E5-883281E8AD56}.Release|Any CPU.ActiveCfg = Release|x64
		{36D4048F-7EB7-4296-85E5-883281E8AD56}.Release|x64.ActiveCfg = Release|x64
		{36D4048F-7EB7-4296-85E5-883281E8AD56}.Release|x64.Build.0 = Release|x64
		{36D4048F-7EB7-4296-85E5-883281E8AD56}.Release|x64.Deploy.0 = Release|x64
		{7CF6ECBB-AB5E-44D8-A3FD-30A6A07B3130}.Debug|Any CPU.ActiveCfg = Debug|Any CPU
		{7CF6ECBB-AB5E-44D8-A3FD-30A6A07B3130}.Debug|Any CPU.Build.0 = Debug|Any CPU
		{7CF6ECBB-AB5E-44D8-A3FD-30A6A07B3130}.Debug|x64.ActiveCfg = Debug|Any CPU
		{7CF6ECBB-AB5E-44D8-A3FD-30A6A07B3130}.Debug|x64.Build.0 = Debug|Any CPU
		{7CF6ECBB-AB5E-44D8-A3FD-30A6A07B3130}.Release|Any CPU.ActiveCfg = Release|Any CPU
		{7CF6ECBB-AB5E-44D8-A3FD-30A6A07B3130}.Release|Any CPU.Build.0 = Release|Any CPU
		{7CF6ECBB-AB5E-44D8-A3FD-30A6A07B3130}.Release|x64.ActiveCfg = Release|Any CPU
		{7CF6ECBB-AB5E-44D8-A3FD-30A6A07B3130}.Release|x64.Build.0 = Release|Any CPU
		{DF1A9453-1DE1-4057-A05B-53972B7BC76C}.Debug|Any CPU.ActiveCfg = Debug|Any CPU
		{DF1A9453-1DE1-4057-A05B-53972B7BC76C}.Debug|Any CPU.Build.0 = Debug|Any CPU
		{DF1A9453-1DE1-4057-A05B-53972B7BC76C}.Debug|x64.ActiveCfg = Debug|Any CPU
		{DF1A9453-1DE1-4057-A05B-53972B7BC76C}.Debug|x64.Build.0 = Debug|Any CPU
		{DF1A9453-1DE1-4057-A05B-53972B7BC76C}.Release|Any CPU.ActiveCfg = Release|Any CPU
		{DF1A9453-1DE1-4057-A05B-53972B7BC76C}.Release|Any CPU.Build.0 = Release|Any CPU
		{DF1A9453-1DE1-4057-A05B-53972B7BC76C}.Release|x64.ActiveCfg = Release|Any CPU
		{DF1A9453-1DE1-4057-A05B-53972B7BC76C}.Release|x64.Build.0 = Release|Any CPU
	EndGlobalSection
	GlobalSection(SolutionProperties) = preSolution
		HideSolutionNode = FALSE
	EndGlobalSection
	GlobalSection(ExtensibilityGlobals) = postSolution
		SolutionGuid = {EB00BF8B-007C-4E56-912C-F80FD8364C27}
	EndGlobalSection
EndGlobal
